
Microsoft Visual Studio Solution File, Format Version 12.00
# Visual Studio Version 17
VisualStudioVersion = 17.10.35013.160
MinimumVisualStudioVersion = 10.0.40219.1
Project("{FAE04EC0-301F-11D3-BF4B-00C04F79EFBC}") = "LuvutSanoiksiLaaja", "LuvutSanoiksiLaaja\LuvutSanoiksiLaaja.csproj", "{A2399B29-81EA-462F-BA8E-C871DB3A5B7C}"
EndProject
Global
	GlobalSection(SolutionConfigurationPlatforms) = preSolution
		Debug|Any CPU = Debug|Any CPU
		Release|Any CPU = Release|Any CPU
	EndGlobalSection
	GlobalSection(ProjectConfigurationPlatforms) = postSolution
		{A2399B29-81EA-462F-BA8E-C871DB3A5B7C}.Debug|Any CPU.ActiveCfg = Debug|Any CPU
		{A2399B29-81EA-462F-BA8E-C871DB3A5B7C}.Debug|Any CPU.Build.0 = Debug|Any CPU
		{A2399B29-81EA-462F-BA8E-C871DB3A5B7C}.Release|Any CPU.ActiveCfg = Release|Any CPU
		{A2399B29-81EA-462F-BA8E-C871DB3A5B7C}.Release|Any CPU.Build.0 = Release|Any CPU
	EndGlobalSection
	GlobalSection(SolutionProperties) = preSolution
		HideSolutionNode = FALSE
	EndGlobalSection
	GlobalSection(ExtensibilityGlobals) = postSolution
		SolutionGuid = {0D37FDB8-F761-484A-AA46-C84A01680870}
	EndGlobalSection
EndGlobal
