
Microsoft Visual Studio Solution File, Format Version 12.00
# Visual Studio Version 17
VisualStudioVersion = 17.10.35013.160
MinimumVisualStudioVersion = 10.0.40219.1
Project("{FAE04EC0-301F-11D3-BF4B-00C04F79EFBC}") = "BonuspisteetKerto", "BonuspisteetKerto\BonuspisteetKerto.csproj", "{D5C51AB2-1462-4BBF-9A38-9DF38C3A0A67}"
EndProject
Global
	GlobalSection(SolutionConfigurationPlatforms) = preSolution
		Debug|Any CPU = Debug|Any CPU
		Release|Any CPU = Release|Any CPU
	EndGlobalSection
	GlobalSection(ProjectConfigurationPlatforms) = postSolution
		{D5C51AB2-1462-4BBF-9A38-9DF38C3A0A67}.Debug|Any CPU.ActiveCfg = Debug|Any CPU
		{D5C51AB2-1462-4BBF-9A38-9DF38C3A0A67}.Debug|Any CPU.Build.0 = Debug|Any CPU
		{D5C51AB2-1462-4BBF-9A38-9DF38C3A0A67}.Release|Any CPU.ActiveCfg = Release|Any CPU
		{D5C51AB2-1462-4BBF-9A38-9DF38C3A0A67}.Release|Any CPU.Build.0 = Release|Any CPU
	EndGlobalSection
	GlobalSection(SolutionProperties) = preSolution
		HideSolutionNode = FALSE
	EndGlobalSection
	GlobalSection(ExtensibilityGlobals) = postSolution
		SolutionGuid = {2D5AFB3F-1804-4959-A3FA-F29F50D64305}
	EndGlobalSection
EndGlobal
